
Microsoft Visual Studio Solution File, Format Version 12.00
# Visual Studio Version 16
VisualStudioVersion = 16.0.29209.62
MinimumVisualStudioVersion = 10.0.40219.1
Project("{9A19103F-16F7-4668-BE54-9A1E7A4F7556}") = "AuthService", "AuthService.csproj", "{8D55D270-DDAD-4287-85E8-73D83366196E}"
EndProject
Global
	GlobalSection(SolutionConfigurationPlatforms) = preSolution
		Debug|Any CPU = Debug|Any CPU
		Release|Any CPU = Release|Any CPU
	EndGlobalSection
	GlobalSection(ProjectConfigurationPlatforms) = postSolution
		{8D55D270-DDAD-4287-85E8-73D83366196E}.Debug|Any CPU.ActiveCfg = Debug|Any CPU
		{8D55D270-DDAD-4287-85E8-73D83366196E}.Debug|Any CPU.Build.0 = Debug|Any CPU
		{8D55D270-DDAD-4287-85E8-73D83366196E}.Release|Any CPU.ActiveCfg = Release|Any CPU
		{8D55D270-DDAD-4287-85E8-73D83366196E}.Release|Any CPU.Build.0 = Release|Any CPU
	EndGlobalSection
	GlobalSection(SolutionProperties) = preSolution
		HideSolutionNode = FALSE
	EndGlobalSection
	GlobalSection(ExtensibilityGlobals) = postSolution
		SolutionGuid = {7B57A649-A8FD-4CC2-9F4D-4E616A8202A6}
	EndGlobalSection
EndGlobal
